{
  "name": "project1",
  "version": "1.0.0",
  "lockfileVersion": 2,
  "requires": true,
  "packages": {
    "": {
      "name": "project1",
      "version": "1.0.0",
      "license": "ISC",
      "dependencies": {
        "poker-evaluatehand": "^0.3.4"
      }
    },
    "node_modules/poker-evaluatehand": {
      "version": "0.3.4",
      "resolved": "https://registry.npmjs.org/poker-evaluatehand/-/poker-evaluatehand-0.3.4.tgz",
      "integrity": "sha512-gZr9NNNsCkm1Z58Vw643udrowmQ3dVwUk6UD8kCDm5V0GirTXN9HwQbTWN+HFhDzI2RxYD62u8Z+wANeHv4FQA==",
      "engines": {
        "node": ">= 0.6.0"
      }
    }
  },
  "dependencies": {
    "poker-evaluatehand": {
      "version": "0.3.4",
      "resolved": "https://registry.npmjs.org/poker-evaluatehand/-/poker-evaluatehand-0.3.4.tgz",
      "integrity": "sha512-gZr9NNNsCkm1Z58Vw643udrowmQ3dVwUk6UD8kCDm5V0GirTXN9HwQbTWN+HFhDzI2RxYD62u8Z+wANeHv4FQA=="
    }
  }
}
